
Microsoft Visual Studio Solution File, Format Version 12.00
# Visual Studio Version 17
VisualStudioVersion = 17.0.31919.166
MinimumVisualStudioVersion = 10.0.40219.1
Project("{FAE04EC0-301F-11D3-BF4B-00C04F79EFBC}") = "AdventOfCode2021", "CSharp\AdventOfCode2021-CSharp.csproj", "{B4C53228-77A6-4E79-AB9B-076E501C521E}"
EndProject
Global
	GlobalSection(SolutionConfigurationPlatforms) = preSolution
		Debug|Any CPU = Debug|Any CPU
		Release|Any CPU = Release|Any CPU
	EndGlobalSection
	GlobalSection(ProjectConfigurationPlatforms) = postSolution
		{B4C53228-77A6-4E79-AB9B-076E501C521E}.Debug|Any CPU.ActiveCfg = Debug|Any CPU
		{B4C53228-77A6-4E79-AB9B-076E501C521E}.Debug|Any CPU.Build.0 = Debug|Any CPU
		{B4C53228-77A6-4E79-AB9B-076E501C521E}.Release|Any CPU.ActiveCfg = Release|Any CPU
		{B4C53228-77A6-4E79-AB9B-076E501C521E}.Release|Any CPU.Build.0 = Release|Any CPU
	EndGlobalSection
	GlobalSection(SolutionProperties) = preSolution
		HideSolutionNode = FALSE
	EndGlobalSection
	GlobalSection(ExtensibilityGlobals) = postSolution
		SolutionGuid = {758CE9DE-449F-43DF-B1A4-8DDAA1274829}
	EndGlobalSection
EndGlobal
